
Microsoft Visual Studio Solution File, Format Version 12.00
# Visual Studio Version 16
VisualStudioVersion = 16.0.32106.194
MinimumVisualStudioVersion = 10.0.40219.1
Project("{9A19103F-16F7-4668-BE54-9A1E7A4F7556}") = "CadastroAluno", "CadastroAluno\CadastroAluno.csproj", "{C675CD78-E4D6-4746-A9BF-A26AF355AEB0}"
EndProject
Project("{FAE04EC0-301F-11D3-BF4B-00C04F79EFBC}") = "CadastroAluno.MVC.Test", "CadastroAluno.MVC.Test\CadastroAluno.MVC.Test.csproj", "{F619BCEE-041B-4FE2-95DB-D908F21CA034}"
EndProject
Global
	GlobalSection(SolutionConfigurationPlatforms) = preSolution
		Debug|Any CPU = Debug|Any CPU
		Release|Any CPU = Release|Any CPU
	EndGlobalSection
	GlobalSection(ProjectConfigurationPlatforms) = postSolution
		{C675CD78-E4D6-4746-A9BF-A26AF355AEB0}.Debug|Any CPU.ActiveCfg = Debug|Any CPU
		{C675CD78-E4D6-4746-A9BF-A26AF355AEB0}.Debug|Any CPU.Build.0 = Debug|Any CPU
		{C675CD78-E4D6-4746-A9BF-A26AF355AEB0}.Release|Any CPU.ActiveCfg = Release|Any CPU
		{C675CD78-E4D6-4746-A9BF-A26AF355AEB0}.Release|Any CPU.Build.0 = Release|Any CPU
		{F619BCEE-041B-4FE2-95DB-D908F21CA034}.Debug|Any CPU.ActiveCfg = Debug|Any CPU
		{F619BCEE-041B-4FE2-95DB-D908F21CA034}.Debug|Any CPU.Build.0 = Debug|Any CPU
		{F619BCEE-041B-4FE2-95DB-D908F21CA034}.Release|Any CPU.ActiveCfg = Release|Any CPU
		{F619BCEE-041B-4FE2-95DB-D908F21CA034}.Release|Any CPU.Build.0 = Release|Any CPU
	EndGlobalSection
	GlobalSection(SolutionProperties) = preSolution
		HideSolutionNode = FALSE
	EndGlobalSection
	GlobalSection(ExtensibilityGlobals) = postSolution
		SolutionGuid = {DC922248-0E0E-46F4-866E-36E69CDD607D}
	EndGlobalSection
EndGlobal
